// !$*UTF8*$!
{
	archiveVersion = 1;
	classes = {
	};
	objectVersion = 46;
	objects = {

/* Begin PBXBuildFile section */
		12833C301A97A00D00440F55 /* AppDelegate.swift in Sources */ = {isa = PBXBuildFile; fileRef = 12833C2F1A97A00C00440F55 /* AppDelegate.swift */; };
		12833C321A97A00D00440F55 /* CustomInputViewController.swift in Sources */ = {isa = PBXBuildFile; fileRef = 12833C311A97A00D00440F55 /* CustomInputViewController.swift */; };
		12833C351A97A00D00440F55 /* Main.storyboard in Resources */ = {isa = PBXBuildFile; fileRef = 12833C331A97A00D00440F55 /* Main.storyboard */; };
		12833C371A97A00D00440F55 /* Images.xcassets in Resources */ = {isa = PBXBuildFile; fileRef = 12833C361A97A00D00440F55 /* Images.xcassets */; };
		12833C3A1A97A00D00440F55 /* LaunchScreen.xib in Resources */ = {isa = PBXBuildFile; fileRef = 12833C381A97A00D00440F55 /* LaunchScreen.xib */; };
		12FDCBF71AA8D9C500993082 /* DemoSearchTableController.swift in Sources */ = {isa = PBXBuildFile; fileRef = 12FDCBF61AA8D9C500993082 /* DemoSearchTableController.swift */; };
		12FDCBFB1AA8DE6900993082 /* name_list.txt in Resources */ = {isa = PBXBuildFile; fileRef = 12FDCBF81AA8DB7900993082 /* name_list.txt */; };
		12FDCBFD1AA8EE5400993082 /* Extensions.swift in Sources */ = {isa = PBXBuildFile; fileRef = 12FDCBFC1AA8EE5400993082 /* Extensions.swift */; };
		12FDCBFF1AA8F10900993082 /* DemoStyleKit.swift in Sources */ = {isa = PBXBuildFile; fileRef = 12FDCBFE1AA8F10900993082 /* DemoStyleKit.swift */; };
		2C496A481CD3752C00F1EAC0 /* StringScoreTests.swift in Sources */ = {isa = PBXBuildFile; fileRef = 2C496A471CD3752C00F1EAC0 /* StringScoreTests.swift */; };
		2C496A501CD3755100F1EAC0 /* TestHelper.swift in Sources */ = {isa = PBXBuildFile; fileRef = 2C496A4F1CD3755100F1EAC0 /* TestHelper.swift */; };
		8B4419A8F868AAA488238B3B /* Pods_StringScoreDemo.framework in Frameworks */ = {isa = PBXBuildFile; fileRef = E5ACB581D0223CA4E63A777D /* Pods_StringScoreDemo.framework */; };
		9B78C5CC7F516F30F73B2E6B /* Pods_StringScoreTests.framework in Frameworks */ = {isa = PBXBuildFile; fileRef = C0521B2603F8C2C3CCCC96C6 /* Pods_StringScoreTests.framework */; };
/* End PBXBuildFile section */

/* Begin PBXFileReference section */
		01745B742A15B66EA6A89534 /* Pods-StringScoreDemoTests.release.xcconfig */ = {isa = PBXFileReference; includeInIndex = 1; lastKnownFileType = text.xcconfig; name = "Pods-StringScoreDemoTests.release.xcconfig"; path = "Pods/Target Support Files/Pods-StringScoreDemoTests/Pods-StringScoreDemoTests.release.xcconfig"; sourceTree = "<group>"; };
		12833C2A1A97A00C00440F55 /* StringScoreDemo.app */ = {isa = PBXFileReference; explicitFileType = wrapper.application; includeInIndex = 0; path = StringScoreDemo.app; sourceTree = BUILT_PRODUCTS_DIR; };
		12833C2E1A97A00C00440F55 /* Info.plist */ = {isa = PBXFileReference; lastKnownFileType = text.plist.xml; path = Info.plist; sourceTree = "<group>"; };
		12833C2F1A97A00C00440F55 /* AppDelegate.swift */ = {isa = PBXFileReference; lastKnownFileType = sourcecode.swift; path = AppDelegate.swift; sourceTree = "<group>"; };
		12833C311A97A00D00440F55 /* CustomInputViewController.swift */ = {isa = PBXFileReference; lastKnownFileType = sourcecode.swift; path = CustomInputViewController.swift; sourceTree = "<group>"; };
		12833C341A97A00D00440F55 /* Base */ = {isa = PBXFileReference; lastKnownFileType = file.storyboard; name = Base; path = Base.lproj/Main.storyboard; sourceTree = "<group>"; };
		12833C361A97A00D00440F55 /* Images.xcassets */ = {isa = PBXFileReference; lastKnownFileType = folder.assetcatalog; path = Images.xcassets; sourceTree = "<group>"; };
		12833C391A97A00D00440F55 /* Base */ = {isa = PBXFileReference; lastKnownFileType = file.xib; name = Base; path = Base.lproj/LaunchScreen.xib; sourceTree = "<group>"; };
		12833C581A97A0FE00440F55 /* Bridging-Header.h */ = {isa = PBXFileReference; lastKnownFileType = sourcecode.c.h; path = "Bridging-Header.h"; sourceTree = "<group>"; };
		12FDCBF61AA8D9C500993082 /* DemoSearchTableController.swift */ = {isa = PBXFileReference; fileEncoding = 4; lastKnownFileType = sourcecode.swift; path = DemoSearchTableController.swift; sourceTree = "<group>"; };
		12FDCBF81AA8DB7900993082 /* name_list.txt */ = {isa = PBXFileReference; fileEncoding = 4; lastKnownFileType = text; path = name_list.txt; sourceTree = "<group>"; };
		12FDCBFC1AA8EE5400993082 /* Extensions.swift */ = {isa = PBXFileReference; fileEncoding = 4; lastKnownFileType = sourcecode.swift; path = Extensions.swift; sourceTree = "<group>"; };
		12FDCBFE1AA8F10900993082 /* DemoStyleKit.swift */ = {isa = PBXFileReference; fileEncoding = 4; lastKnownFileType = sourcecode.swift; path = DemoStyleKit.swift; sourceTree = "<group>"; };
		2600EA05354F0972A2107F96 /* Pods-StringScoreDemo.release.xcconfig */ = {isa = PBXFileReference; includeInIndex = 1; lastKnownFileType = text.xcconfig; name = "Pods-StringScoreDemo.release.xcconfig"; path = "Pods/Target Support Files/Pods-StringScoreDemo/Pods-StringScoreDemo.release.xcconfig"; sourceTree = "<group>"; };
		2C496A451CD3752C00F1EAC0 /* StringScoreTests.xctest */ = {isa = PBXFileReference; explicitFileType = wrapper.cfbundle; includeInIndex = 0; path = StringScoreTests.xctest; sourceTree = BUILT_PRODUCTS_DIR; };
		2C496A471CD3752C00F1EAC0 /* StringScoreTests.swift */ = {isa = PBXFileReference; lastKnownFileType = sourcecode.swift; path = StringScoreTests.swift; sourceTree = "<group>"; };
		2C496A491CD3752C00F1EAC0 /* Info.plist */ = {isa = PBXFileReference; lastKnownFileType = text.plist.xml; path = Info.plist; sourceTree = "<group>"; };
		2C496A4F1CD3755100F1EAC0 /* TestHelper.swift */ = {isa = PBXFileReference; fileEncoding = 4; lastKnownFileType = sourcecode.swift; path = TestHelper.swift; sourceTree = "<group>"; };
		333C187E298456213E0FBAD4 /* Pods-StringScoreDemoTests.debug.xcconfig */ = {isa = PBXFileReference; includeInIndex = 1; lastKnownFileType = text.xcconfig; name = "Pods-StringScoreDemoTests.debug.xcconfig"; path = "Pods/Target Support Files/Pods-StringScoreDemoTests/Pods-StringScoreDemoTests.debug.xcconfig"; sourceTree = "<group>"; };
		488A98A089F14AA072A9BF9D /* Pods-StringScoreTests.debug.xcconfig */ = {isa = PBXFileReference; includeInIndex = 1; lastKnownFileType = text.xcconfig; name = "Pods-StringScoreTests.debug.xcconfig"; path = "Pods/Target Support Files/Pods-StringScoreTests/Pods-StringScoreTests.debug.xcconfig"; sourceTree = "<group>"; };
		59B84C10B98D6A580B494440 /* Pods-StringScoreDemo.debug.xcconfig */ = {isa = PBXFileReference; includeInIndex = 1; lastKnownFileType = text.xcconfig; name = "Pods-StringScoreDemo.debug.xcconfig"; path = "Pods/Target Support Files/Pods-StringScoreDemo/Pods-StringScoreDemo.debug.xcconfig"; sourceTree = "<group>"; };
		63C44B7B5C049390132A723A /* Pods-StringScoreTests.release.xcconfig */ = {isa = PBXFileReference; includeInIndex = 1; lastKnownFileType = text.xcconfig; name = "Pods-StringScoreTests.release.xcconfig"; path = "Pods/Target Support Files/Pods-StringScoreTests/Pods-StringScoreTests.release.xcconfig"; sourceTree = "<group>"; };
		C0521B2603F8C2C3CCCC96C6 /* Pods_StringScoreTests.framework */ = {isa = PBXFileReference; explicitFileType = wrapper.framework; includeInIndex = 0; path = Pods_StringScoreTests.framework; sourceTree = BUILT_PRODUCTS_DIR; };
		DBC1F947CB84815972EB4023 /* Pods_StringScoreDemoTests.framework */ = {isa = PBXFileReference; explicitFileType = wrapper.framework; includeInIndex = 0; path = Pods_StringScoreDemoTests.framework; sourceTree = BUILT_PRODUCTS_DIR; };
		E5ACB581D0223CA4E63A777D /* Pods_StringScoreDemo.framework */ = {isa = PBXFileReference; explicitFileType = wrapper.framework; includeInIndex = 0; path = Pods_StringScoreDemo.framework; sourceTree = BUILT_PRODUCTS_DIR; };
/* End PBXFileReference section */

/* Begin PBXFrameworksBuildPhase section */
		12833C271A97A00C00440F55 /* Frameworks */ = {
			isa = PBXFrameworksBuildPhase;
			buildActionMask = 2147483647;
			files = (
				8B4419A8F868AAA488238B3B /* Pods_StringScoreDemo.framework in Frameworks */,
			);
			runOnlyForDeploymentPostprocessing = 0;
		};
		2C496A421CD3752C00F1EAC0 /* Frameworks */ = {
			isa = PBXFrameworksBuildPhase;
			buildActionMask = 2147483647;
			files = (
				9B78C5CC7F516F30F73B2E6B /* Pods_StringScoreTests.framework in Frameworks */,
			);
			runOnlyForDeploymentPostprocessing = 0;
		};
/* End PBXFrameworksBuildPhase section */

/* Begin PBXGroup section */
		12833C211A97A00C00440F55 = {
			isa = PBXGroup;
			children = (
				12833C2C1A97A00C00440F55 /* StringScoreDemo */,
				2C496A461CD3752C00F1EAC0 /* StringScoreTests */,
				12833C2B1A97A00C00440F55 /* Products */,
				C0AC53E707664E416ACF5E8B /* Pods */,
				1DAC7733F86F0AAFA7502454 /* Frameworks */,
			);
			sourceTree = "<group>";
		};
		12833C2B1A97A00C00440F55 /* Products */ = {
			isa = PBXGroup;
			children = (
				12833C2A1A97A00C00440F55 /* StringScoreDemo.app */,
				2C496A451CD3752C00F1EAC0 /* StringScoreTests.xctest */,
			);
			name = Products;
			sourceTree = "<group>";
		};
		12833C2C1A97A00C00440F55 /* StringScoreDemo */ = {
			isa = PBXGroup;
			children = (
				12833C2F1A97A00C00440F55 /* AppDelegate.swift */,
				12FDCBFC1AA8EE5400993082 /* Extensions.swift */,
				12FDCBFE1AA8F10900993082 /* DemoStyleKit.swift */,
				12833C311A97A00D00440F55 /* CustomInputViewController.swift */,
				12FDCBF61AA8D9C500993082 /* DemoSearchTableController.swift */,
				12FDCBF81AA8DB7900993082 /* name_list.txt */,
				12833C331A97A00D00440F55 /* Main.storyboard */,
				12833C361A97A00D00440F55 /* Images.xcassets */,
				12833C381A97A00D00440F55 /* LaunchScreen.xib */,
				12833C2D1A97A00C00440F55 /* Supporting Files */,
			);
			path = StringScoreDemo;
			sourceTree = "<group>";
		};
		12833C2D1A97A00C00440F55 /* Supporting Files */ = {
			isa = PBXGroup;
			children = (
				12833C2E1A97A00C00440F55 /* Info.plist */,
				12833C581A97A0FE00440F55 /* Bridging-Header.h */,
			);
			name = "Supporting Files";
			sourceTree = "<group>";
		};
		1DAC7733F86F0AAFA7502454 /* Frameworks */ = {
			isa = PBXGroup;
			children = (
				DBC1F947CB84815972EB4023 /* Pods_StringScoreDemoTests.framework */,
				E5ACB581D0223CA4E63A777D /* Pods_StringScoreDemo.framework */,
				C0521B2603F8C2C3CCCC96C6 /* Pods_StringScoreTests.framework */,
			);
			name = Frameworks;
			sourceTree = "<group>";
		};
		2C496A461CD3752C00F1EAC0 /* StringScoreTests */ = {
			isa = PBXGroup;
			children = (
				2C496A471CD3752C00F1EAC0 /* StringScoreTests.swift */,
				2C496A4F1CD3755100F1EAC0 /* TestHelper.swift */,
				2C496A491CD3752C00F1EAC0 /* Info.plist */,
			);
			path = StringScoreTests;
			sourceTree = "<group>";
		};
		C0AC53E707664E416ACF5E8B /* Pods */ = {
			isa = PBXGroup;
			children = (
				333C187E298456213E0FBAD4 /* Pods-StringScoreDemoTests.debug.xcconfig */,
				01745B742A15B66EA6A89534 /* Pods-StringScoreDemoTests.release.xcconfig */,
				59B84C10B98D6A580B494440 /* Pods-StringScoreDemo.debug.xcconfig */,
				2600EA05354F0972A2107F96 /* Pods-StringScoreDemo.release.xcconfig */,
				488A98A089F14AA072A9BF9D /* Pods-StringScoreTests.debug.xcconfig */,
				63C44B7B5C049390132A723A /* Pods-StringScoreTests.release.xcconfig */,
			);
			name = Pods;
			sourceTree = "<group>";
		};
/* End PBXGroup section */

/* Begin PBXNativeTarget section */
		12833C291A97A00C00440F55 /* StringScoreDemo */ = {
			isa = PBXNativeTarget;
			buildConfigurationList = 12833C491A97A00D00440F55 /* Build configuration list for PBXNativeTarget "StringScoreDemo" */;
			buildPhases = (
				7E4A324F629AAF44FC47B6AD /* Check Pods Manifest.lock */,
				12833C261A97A00C00440F55 /* Sources */,
				12833C271A97A00C00440F55 /* Frameworks */,
				12833C281A97A00C00440F55 /* Resources */,
				6BC6F174234453A75C7ACE4C /* Embed Pods Frameworks */,
				ED61B5186ED7A1DEA16621DD /* Copy Pods Resources */,
			);
			buildRules = (
			);
			dependencies = (
			);
			name = StringScoreDemo;
			productName = StringScoreDemo;
			productReference = 12833C2A1A97A00C00440F55 /* StringScoreDemo.app */;
			productType = "com.apple.product-type.application";
		};
		2C496A441CD3752C00F1EAC0 /* StringScoreTests */ = {
			isa = PBXNativeTarget;
			buildConfigurationList = 2C496A4A1CD3752C00F1EAC0 /* Build configuration list for PBXNativeTarget "StringScoreTests" */;
			buildPhases = (
				4D99A6703D4D248223CF010E /* Check Pods Manifest.lock */,
				2C496A411CD3752C00F1EAC0 /* Sources */,
				2C496A421CD3752C00F1EAC0 /* Frameworks */,
				2C496A431CD3752C00F1EAC0 /* Resources */,
				4AE59A58EC6876F05E137584 /* Embed Pods Frameworks */,
				3D0892D0D27EC89CD74D2DB2 /* Copy Pods Resources */,
			);
			buildRules = (
			);
			dependencies = (
			);
			name = StringScoreTests;
			productName = StringScoreTests;
			productReference = 2C496A451CD3752C00F1EAC0 /* StringScoreTests.xctest */;
			productType = "com.apple.product-type.bundle.unit-test";
		};
/* End PBXNativeTarget section */

/* Begin PBXProject section */
		12833C221A97A00C00440F55 /* Project object */ = {
			isa = PBXProject;
			attributes = {
				LastSwiftMigration = 0720;
				LastSwiftUpdateCheck = 0730;
				LastUpgradeCheck = 0720;
				ORGANIZATIONNAME = "YICHI ZHANG";
				TargetAttributes = {
					12833C291A97A00C00440F55 = {
						CreatedOnToolsVersion = 6.3;
					};
					2C496A441CD3752C00F1EAC0 = {
						CreatedOnToolsVersion = 7.3;
					};
				};
			};
			buildConfigurationList = 12833C251A97A00C00440F55 /* Build configuration list for PBXProject "StringScore" */;
			compatibilityVersion = "Xcode 3.2";
			developmentRegion = English;
			hasScannedForEncodings = 0;
			knownRegions = (
				en,
				Base,
			);
			mainGroup = 12833C211A97A00C00440F55;
			productRefGroup = 12833C2B1A97A00C00440F55 /* Products */;
			projectDirPath = "";
			projectRoot = "";
			targets = (
				12833C291A97A00C00440F55 /* StringScoreDemo */,
				2C496A441CD3752C00F1EAC0 /* StringScoreTests */,
			);
		};
/* End PBXProject section */

/* Begin PBXResourcesBuildPhase section */
		12833C281A97A00C00440F55 /* Resources */ = {
			isa = PBXResourcesBuildPhase;
			buildActionMask = 2147483647;
			files = (
				12FDCBFB1AA8DE6900993082 /* name_list.txt in Resources */,
				12833C351A97A00D00440F55 /* Main.storyboard in Resources */,
				12833C3A1A97A00D00440F55 /* LaunchScreen.xib in Resources */,
				12833C371A97A00D00440F55 /* Images.xcassets in Resources */,
			);
			runOnlyForDeploymentPostprocessing = 0;
		};
		2C496A431CD3752C00F1EAC0 /* Resources */ = {
			isa = PBXResourcesBuildPhase;
			buildActionMask = 2147483647;
			files = (
			);
			runOnlyForDeploymentPostprocessing = 0;
		};
/* End PBXResourcesBuildPhase section */

/* Begin PBXShellScriptBuildPhase section */
		3D0892D0D27EC89CD74D2DB2 /* Copy Pods Resources */ = {
			isa = PBXShellScriptBuildPhase;
			buildActionMask = 2147483647;
			files = (
			);
			inputPaths = (
			);
			name = "Copy Pods Resources";
			outputPaths = (
			);
			runOnlyForDeploymentPostprocessing = 0;
			shellPath = /bin/sh;
			shellScript = "\"${SRCROOT}/Pods/Target Support Files/Pods-StringScoreTests/Pods-StringScoreTests-resources.sh\"\n";
			showEnvVarsInLog = 0;
		};
		4AE59A58EC6876F05E137584 /* Embed Pods Frameworks */ = {
			isa = PBXShellScriptBuildPhase;
			buildActionMask = 2147483647;
			files = (
			);
			inputPaths = (
			);
			name = "Embed Pods Frameworks";
			outputPaths = (
			);
			runOnlyForDeploymentPostprocessing = 0;
			shellPath = /bin/sh;
			shellScript = "\"${SRCROOT}/Pods/Target Support Files/Pods-StringScoreTests/Pods-StringScoreTests-frameworks.sh\"\n";
			showEnvVarsInLog = 0;
		};
		4D99A6703D4D248223CF010E /* Check Pods Manifest.lock */ = {
			isa = PBXShellScriptBuildPhase;
			buildActionMask = 2147483647;
			files = (
			);
			inputPaths = (
			);
			name = "Check Pods Manifest.lock";
			outputPaths = (
			);
			runOnlyForDeploymentPostprocessing = 0;
			shellPath = /bin/sh;
			shellScript = "diff \"${PODS_ROOT}/../Podfile.lock\" \"${PODS_ROOT}/Manifest.lock\" > /dev/null\nif [[ $? != 0 ]] ; then\n    cat << EOM\nerror: The sandbox is not in sync with the Podfile.lock. Run 'pod install' or update your CocoaPods installation.\nEOM\n    exit 1\nfi\n";
			showEnvVarsInLog = 0;
		};
		6BC6F174234453A75C7ACE4C /* Embed Pods Frameworks */ = {
			isa = PBXShellScriptBuildPhase;
			buildActionMask = 2147483647;
			files = (
			);
			inputPaths = (
			);
			name = "Embed Pods Frameworks";
			outputPaths = (
			);
			runOnlyForDeploymentPostprocessing = 0;
			shellPath = /bin/sh;
			shellScript = "\"${SRCROOT}/Pods/Target Support Files/Pods-StringScoreDemo/Pods-StringScoreDemo-frameworks.sh\"\n";
			showEnvVarsInLog = 0;
		};
		7E4A324F629AAF44FC47B6AD /* Check Pods Manifest.lock */ = {
			isa = PBXShellScriptBuildPhase;
			buildActionMask = 2147483647;
			files = (
			);
			inputPaths = (
			);
			name = "Check Pods Manifest.lock";
			outputPaths = (
			);
			runOnlyForDeploymentPostprocessing = 0;
			shellPath = /bin/sh;
			shellScript = "diff \"${PODS_ROOT}/../Podfile.lock\" \"${PODS_ROOT}/Manifest.lock\" > /dev/null\nif [[ $? != 0 ]] ; then\n    cat << EOM\nerror: The sandbox is not in sync with the Podfile.lock. Run 'pod install' or update your CocoaPods installation.\nEOM\n    exit 1\nfi\n";
			showEnvVarsInLog = 0;
		};
		ED61B5186ED7A1DEA16621DD /* Copy Pods Resources */ = {
			isa = PBXShellScriptBuildPhase;
			buildActionMask = 2147483647;
			files = (
			);
			inputPaths = (
			);
			name = "Copy Pods Resources";
			outputPaths = (
			);
			runOnlyForDeploymentPostprocessing = 0;
			shellPath = /bin/sh;
			shellScript = "\"${SRCROOT}/Pods/Target Support Files/Pods-StringScoreDemo/Pods-StringScoreDemo-resources.sh\"\n";
			showEnvVarsInLog = 0;
		};
/* End PBXShellScriptBuildPhase section */

/* Begin PBXSourcesBuildPhase section */
		12833C261A97A00C00440F55 /* Sources */ = {
			isa = PBXSourcesBuildPhase;
			buildActionMask = 2147483647;
			files = (
				12833C321A97A00D00440F55 /* CustomInputViewController.swift in Sources */,
				12FDCBFF1AA8F10900993082 /* DemoStyleKit.swift in Sources */,
				12FDCBF71AA8D9C500993082 /* DemoSearchTableController.swift in Sources */,
				12833C301A97A00D00440F55 /* AppDelegate.swift in Sources */,
				12FDCBFD1AA8EE5400993082 /* Extensions.swift in Sources */,
			);
			runOnlyForDeploymentPostprocessing = 0;
		};
		2C496A411CD3752C00F1EAC0 /* Sources */ = {
			isa = PBXSourcesBuildPhase;
			buildActionMask = 2147483647;
			files = (
				2C496A481CD3752C00F1EAC0 /* StringScoreTests.swift in Sources */,
				2C496A501CD3755100F1EAC0 /* TestHelper.swift in Sources */,
			);
			runOnlyForDeploymentPostprocessing = 0;
		};
/* End PBXSourcesBuildPhase section */

/* Begin PBXVariantGroup section */
		12833C331A97A00D00440F55 /* Main.storyboard */ = {
			isa = PBXVariantGroup;
			children = (
				12833C341A97A00D00440F55 /* Base */,
			);
			name = Main.storyboard;
			sourceTree = "<group>";
		};
		12833C381A97A00D00440F55 /* LaunchScreen.xib */ = {
			isa = PBXVariantGroup;
			children = (
				12833C391A97A00D00440F55 /* Base */,
			);
			name = LaunchScreen.xib;
			sourceTree = "<group>";
		};
/* End PBXVariantGroup section */

/* Begin XCBuildConfiguration section */
		12833C471A97A00D00440F55 /* Debug */ = {
			isa = XCBuildConfiguration;
			buildSettings = {
				ALWAYS_SEARCH_USER_PATHS = NO;
				CLANG_CXX_LANGUAGE_STANDARD = "gnu++0x";
				CLANG_CXX_LIBRARY = "libc++";
				CLANG_ENABLE_MODULES = YES;
				CLANG_ENABLE_OBJC_ARC = YES;
				CLANG_WARN_BOOL_CONVERSION = YES;
				CLANG_WARN_CONSTANT_CONVERSION = YES;
				CLANG_WARN_DIRECT_OBJC_ISA_USAGE = YES_ERROR;
				CLANG_WARN_EMPTY_BODY = YES;
				CLANG_WARN_ENUM_CONVERSION = YES;
				CLANG_WARN_INT_CONVERSION = YES;
				CLANG_WARN_OBJC_ROOT_CLASS = YES_ERROR;
				CLANG_WARN_UNREACHABLE_CODE = YES;
				CLANG_WARN__DUPLICATE_METHOD_MATCH = YES;
				"CODE_SIGN_IDENTITY[sdk=iphoneos*]" = "iPhone Developer";
				COPY_PHASE_STRIP = NO;
				DEBUG_INFORMATION_FORMAT = dwarf;
				ENABLE_STRICT_OBJC_MSGSEND = YES;
				ENABLE_TESTABILITY = YES;
				GCC_C_LANGUAGE_STANDARD = gnu99;
				GCC_DYNAMIC_NO_PIC = NO;
				GCC_OPTIMIZATION_LEVEL = 0;
				GCC_PREPROCESSOR_DEFINITIONS = (
					"DEBUG=1",
					"$(inherited)",
				);
				GCC_SYMBOLS_PRIVATE_EXTERN = NO;
				GCC_WARN_64_TO_32_BIT_CONVERSION = YES;
				GCC_WARN_ABOUT_RETURN_TYPE = YES_ERROR;
				GCC_WARN_UNDECLARED_SELECTOR = YES;
				GCC_WARN_UNINITIALIZED_AUTOS = YES_AGGRESSIVE;
				GCC_WARN_UNUSED_FUNCTION = YES;
				GCC_WARN_UNUSED_VARIABLE = YES;
				IPHONEOS_DEPLOYMENT_TARGET = 8.3;
				MTL_ENABLE_DEBUG_INFO = YES;
				ONLY_ACTIVE_ARCH = YES;
				SDKROOT = iphoneos;
				SWIFT_OPTIMIZATION_LEVEL = "-Onone";
				TARGETED_DEVICE_FAMILY = "1,2";
			};
			name = Debug;
		};
		12833C481A97A00D00440F55 /* Release */ = {
			isa = XCBuildConfiguration;
			buildSettings = {
				ALWAYS_SEARCH_USER_PATHS = NO;
				CLANG_CXX_LANGUAGE_STANDARD = "gnu++0x";
				CLANG_CXX_LIBRARY = "libc++";
				CLANG_ENABLE_MODULES = YES;
				CLANG_ENABLE_OBJC_ARC = YES;
				CLANG_WARN_BOOL_CONVERSION = YES;
				CLANG_WARN_CONSTANT_CONVERSION = YES;
				CLANG_WARN_DIRECT_OBJC_ISA_USAGE = YES_ERROR;
				CLANG_WARN_EMPTY_BODY = YES;
				CLANG_WARN_ENUM_CONVERSION = YES;
				CLANG_WARN_INT_CONVERSION = YES;
				CLANG_WARN_OBJC_ROOT_CLASS = YES_ERROR;
				CLANG_WARN_UNREACHABLE_CODE = YES;
				CLANG_WARN__DUPLICATE_METHOD_MATCH = YES;
				"CODE_SIGN_IDENTITY[sdk=iphoneos*]" = "iPhone Developer";
				COPY_PHASE_STRIP = NO;
				DEBUG_INFORMATION_FORMAT = "dwarf-with-dsym";
				ENABLE_NS_ASSERTIONS = NO;
				ENABLE_STRICT_OBJC_MSGSEND = YES;
				GCC_C_LANGUAGE_STANDARD = gnu99;
				GCC_WARN_64_TO_32_BIT_CONVERSION = YES;
				GCC_WARN_ABOUT_RETURN_TYPE = YES_ERROR;
				GCC_WARN_UNDECLARED_SELECTOR = YES;
				GCC_WARN_UNINITIALIZED_AUTOS = YES_AGGRESSIVE;
				GCC_WARN_UNUSED_FUNCTION = YES;
				GCC_WARN_UNUSED_VARIABLE = YES;
				IPHONEOS_DEPLOYMENT_TARGET = 8.3;
				MTL_ENABLE_DEBUG_INFO = NO;
				SDKROOT = iphoneos;
				TARGETED_DEVICE_FAMILY = "1,2";
				VALIDATE_PRODUCT = YES;
			};
			name = Release;
		};
		12833C4A1A97A00D00440F55 /* Debug */ = {
			isa = XCBuildConfiguration;
			baseConfigurationReference = 59B84C10B98D6A580B494440 /* Pods-StringScoreDemo.debug.xcconfig */;
			buildSettings = {
				ASSETCATALOG_COMPILER_APPICON_NAME = AppIcon;
				INFOPLIST_FILE = StringScoreDemo/Info.plist;
				IPHONEOS_DEPLOYMENT_TARGET = 8.1;
				LD_RUNPATH_SEARCH_PATHS = "$(inherited) @executable_path/Frameworks";
				PRODUCT_BUNDLE_IDENTIFIER = "com.yichizhang.$(PRODUCT_NAME:rfc1034identifier)";
				PRODUCT_NAME = "$(TARGET_NAME)";
				SWIFT_OBJC_BRIDGING_HEADER = "StringScoreDemo/Bridging-Header.h";
			};
			name = Debug;
		};
		12833C4B1A97A00D00440F55 /* Release */ = {
			isa = XCBuildConfiguration;
			baseConfigurationReference = 2600EA05354F0972A2107F96 /* Pods-StringScoreDemo.release.xcconfig */;
			buildSettings = {
				ASSETCATALOG_COMPILER_APPICON_NAME = AppIcon;
				INFOPLIST_FILE = StringScoreDemo/Info.plist;
				IPHONEOS_DEPLOYMENT_TARGET = 8.1;
				LD_RUNPATH_SEARCH_PATHS = "$(inherited) @executable_path/Frameworks";
				PRODUCT_BUNDLE_IDENTIFIER = "com.yichizhang.$(PRODUCT_NAME:rfc1034identifier)";
				PRODUCT_NAME = "$(TARGET_NAME)";
				SWIFT_OBJC_BRIDGING_HEADER = "StringScoreDemo/Bridging-Header.h";
			};
			name = Release;
		};
		2C496A4B1CD3752C00F1EAC0 /* Debug */ = {
			isa = XCBuildConfiguration;
			baseConfigurationReference = 488A98A089F14AA072A9BF9D /* Pods-StringScoreTests.debug.xcconfig */;
			buildSettings = {
				CLANG_ANALYZER_NONNULL = YES;
				GCC_NO_COMMON_BLOCKS = YES;
				INFOPLIST_FILE = StringScoreTests/Info.plist;
				IPHONEOS_DEPLOYMENT_TARGET = 9.3;
				LD_RUNPATH_SEARCH_PATHS = "$(inherited) @executable_path/Frameworks @loader_path/Frameworks";
				PRODUCT_BUNDLE_IDENTIFIER = com.yichizhang.StringScoreTests;
				PRODUCT_NAME = "$(TARGET_NAME)";
			};
			name = Debug;
		};
		2C496A4C1CD3752C00F1EAC0 /* Release */ = {
			isa = XCBuildConfiguration;
			baseConfigurationReference = 63C44B7B5C049390132A723A /* Pods-StringScoreTests.release.xcconfig */;
			buildSettings = {
				CLANG_ANALYZER_NONNULL = YES;
				GCC_NO_COMMON_BLOCKS = YES;
				INFOPLIST_FILE = StringScoreTests/Info.plist;
				IPHONEOS_DEPLOYMENT_TARGET = 9.3;
				LD_RUNPATH_SEARCH_PATHS = "$(inherited) @executable_path/Frameworks @loader_path/Frameworks";
				PRODUCT_BUNDLE_IDENTIFIER = com.yichizhang.StringScoreTests;
				PRODUCT_NAME = "$(TARGET_NAME)";
			};
			name = Release;
		};
/* End XCBuildConfiguration section */

/* Begin XCConfigurationList section */
		12833C251A97A00C00440F55 /* Build configuration list for PBXProject "StringScore" */ = {
			isa = XCConfigurationList;
			buildConfigurations = (
				12833C471A97A00D00440F55 /* Debug */,
				12833C481A97A00D00440F55 /* Release */,
			);
			defaultConfigurationIsVisible = 0;
			defaultConfigurationName = Release;
		};
		12833C491A97A00D00440F55 /* Build configuration list for PBXNativeTarget "StringScoreDemo" */ = {
			isa = XCConfigurationList;
			buildConfigurations = (
				12833C4A1A97A00D00440F55 /* Debug */,
				12833C4B1A97A00D00440F55 /* Release */,
			);
			defaultConfigurationIsVisible = 0;
			defaultConfigurationName = Release;
		};
		2C496A4A1CD3752C00F1EAC0 /* Build configuration list for PBXNativeTarget "StringScoreTests" */ = {
			isa = XCConfigurationList;
			buildConfigurations = (
				2C496A4B1CD3752C00F1EAC0 /* Debug */,
				2C496A4C1CD3752C00F1EAC0 /* Release */,
			);
			defaultConfigurationIsVisible = 0;
			defaultConfigurationName = Release;
		};
/* End XCConfigurationList section */
	};
	rootObject = 12833C221A97A00C00440F55 /* Project object */;
}
